// !$*UTF8*$!
{
	archiveVersion = 1;
	classes = {
	};
	objectVersion = 55;
	objects = {

/* Begin PBXBuildFile section */
		B80D4AB5281F973D0070BA52 /* NewTweetView.swift in Sources */ = {isa = PBXBuildFile; fileRef = B80D4AB4281F973D0070BA52 /* NewTweetView.swift */; };
		B80D4AB7281F97EB0070BA52 /* TextArea.swift in Sources */ = {isa = PBXBuildFile; fileRef = B80D4AB6281F97EB0070BA52 /* TextArea.swift */; };
		B8259A6728223B73005B5353 /* LoginView.swift in Sources */ = {isa = PBXBuildFile; fileRef = B8259A6628223B73005B5353 /* LoginView.swift */; };
		B8259A6928223B80005B5353 /* RegistrationView.swift in Sources */ = {isa = PBXBuildFile; fileRef = B8259A6828223B80005B5353 /* RegistrationView.swift */; };
		B8259A6B28223BA8005B5353 /* RoundedShape.swift in Sources */ = {isa = PBXBuildFile; fileRef = B8259A6A28223BA8005B5353 /* RoundedShape.swift */; };
		B8259A6D2823BB95005B5353 /* CustomInputField.swift in Sources */ = {isa = PBXBuildFile; fileRef = B8259A6C2823BB95005B5353 /* CustomInputField.swift */; };
		B8259A702823BDAF005B5353 /* HeaderView.swift in Sources */ = {isa = PBXBuildFile; fileRef = B8259A6F2823BDAF005B5353 /* HeaderView.swift */; };
		B8276F602824D165008B66C7 /* GoogleService-Info.plist in Resources */ = {isa = PBXBuildFile; fileRef = B8276F5F2824D165008B66C7 /* GoogleService-Info.plist */; };
		B8276F632824D2AB008B66C7 /* FirebaseAuth in Frameworks */ = {isa = PBXBuildFile; productRef = B8276F622824D2AB008B66C7 /* FirebaseAuth */; };
		B8276F652824D2AB008B66C7 /* FirebaseFirestore in Frameworks */ = {isa = PBXBuildFile; productRef = B8276F642824D2AB008B66C7 /* FirebaseFirestore */; };
		B8276F672824D2AB008B66C7 /* FirebaseFirestoreSwift in Frameworks */ = {isa = PBXBuildFile; productRef = B8276F662824D2AB008B66C7 /* FirebaseFirestoreSwift */; };
		B8276F692824D2AB008B66C7 /* FirebaseStorage in Frameworks */ = {isa = PBXBuildFile; productRef = B8276F682824D2AB008B66C7 /* FirebaseStorage */; };
		B8837B8E281B914D007F9A23 /* ProfileView.swift in Sources */ = {isa = PBXBuildFile; fileRef = B8837B8D281B914D007F9A23 /* ProfileView.swift */; };
		B8837B90281B96C7007F9A23 /* TweetFilterViewModel.swift in Sources */ = {isa = PBXBuildFile; fileRef = B8837B8F281B96C7007F9A23 /* TweetFilterViewModel.swift */; };
		B8837B95281B9F6F007F9A23 /* UserRowView.swift in Sources */ = {isa = PBXBuildFile; fileRef = B8837B94281B9F6F007F9A23 /* UserRowView.swift */; };
		B8837B9A281E6BCA007F9A23 /* SidebarView.swift in Sources */ = {isa = PBXBuildFile; fileRef = B8837B99281E6BCA007F9A23 /* SidebarView.swift */; };
		B8837B9E281E6BE6007F9A23 /* SidebarViewModel.swift in Sources */ = {isa = PBXBuildFile; fileRef = B8837B9D281E6BE6007F9A23 /* SidebarViewModel.swift */; };
		B8837BA0281E6DC5007F9A23 /* UserStatsView.swift in Sources */ = {isa = PBXBuildFile; fileRef = B8837B9F281E6DC5007F9A23 /* UserStatsView.swift */; };
		B8837BA2281E745D007F9A23 /* ContentView.swift in Sources */ = {isa = PBXBuildFile; fileRef = B8837BA1281E745D007F9A23 /* ContentView.swift */; };
		B8837BA4281E79FF007F9A23 /* SidebarOptionRowView.swift in Sources */ = {isa = PBXBuildFile; fileRef = B8837BA3281E79FF007F9A23 /* SidebarOptionRowView.swift */; };
		B8D5DAF6281A74E4000B1582 /* TwitterApp.swift in Sources */ = {isa = PBXBuildFile; fileRef = B8D5DAF5281A74E4000B1582 /* TwitterApp.swift */; };
		B8D5DAFA281A74E7000B1582 /* Assets.xcassets in Resources */ = {isa = PBXBuildFile; fileRef = B8D5DAF9281A74E7000B1582 /* Assets.xcassets */; };
		B8D5DAFD281A74E7000B1582 /* Preview Assets.xcassets in Resources */ = {isa = PBXBuildFile; fileRef = B8D5DAFC281A74E7000B1582 /* Preview Assets.xcassets */; };
		B8D5DB0C281A8DAA000B1582 /* FeedView.swift in Sources */ = {isa = PBXBuildFile; fileRef = B8D5DB0B281A8DAA000B1582 /* FeedView.swift */; };
		B8D5DB0F281A8E4D000B1582 /* TweetRowView.swift in Sources */ = {isa = PBXBuildFile; fileRef = B8D5DB0E281A8E4D000B1582 /* TweetRowView.swift */; };
		B8D5DB12281A9B1F000B1582 /* MainTabView.swift in Sources */ = {isa = PBXBuildFile; fileRef = B8D5DB11281A9B1F000B1582 /* MainTabView.swift */; };
		B8D5DB19281A9C43000B1582 /* ExploreView.swift in Sources */ = {isa = PBXBuildFile; fileRef = B8D5DB18281A9C43000B1582 /* ExploreView.swift */; };
		B8D5DB1B281A9C5C000B1582 /* NotificationsView.swift in Sources */ = {isa = PBXBuildFile; fileRef = B8D5DB1A281A9C5C000B1582 /* NotificationsView.swift */; };
		B8D5DB1D281A9C6D000B1582 /* MessagesView.swift in Sources */ = {isa = PBXBuildFile; fileRef = B8D5DB1C281A9C6D000B1582 /* MessagesView.swift */; };
/* End PBXBuildFile section */

/* Begin PBXFileReference section */
		B80D4AB4281F973D0070BA52 /* NewTweetView.swift */ = {isa = PBXFileReference; lastKnownFileType = sourcecode.swift; path = NewTweetView.swift; sourceTree = "<group>"; };
		B80D4AB6281F97EB0070BA52 /* TextArea.swift */ = {isa = PBXFileReference; lastKnownFileType = sourcecode.swift; path = TextArea.swift; sourceTree = "<group>"; };
		B8259A6628223B73005B5353 /* LoginView.swift */ = {isa = PBXFileReference; lastKnownFileType = sourcecode.swift; path = LoginView.swift; sourceTree = "<group>"; };
		B8259A6828223B80005B5353 /* RegistrationView.swift */ = {isa = PBXFileReference; lastKnownFileType = sourcecode.swift; path = RegistrationView.swift; sourceTree = "<group>"; };
		B8259A6A28223BA8005B5353 /* RoundedShape.swift */ = {isa = PBXFileReference; lastKnownFileType = sourcecode.swift; path = RoundedShape.swift; sourceTree = "<group>"; };
		B8259A6C2823BB95005B5353 /* CustomInputField.swift */ = {isa = PBXFileReference; lastKnownFileType = sourcecode.swift; path = CustomInputField.swift; sourceTree = "<group>"; };
		B8259A6F2823BDAF005B5353 /* HeaderView.swift */ = {isa = PBXFileReference; lastKnownFileType = sourcecode.swift; path = HeaderView.swift; sourceTree = "<group>"; };
		B8276F5F2824D165008B66C7 /* GoogleService-Info.plist */ = {isa = PBXFileReference; fileEncoding = 4; lastKnownFileType = text.plist.xml; path = "GoogleService-Info.plist"; sourceTree = "<group>"; };
		B8837B8D281B914D007F9A23 /* ProfileView.swift */ = {isa = PBXFileReference; lastKnownFileType = sourcecode.swift; path = ProfileView.swift; sourceTree = "<group>"; };
		B8837B8F281B96C7007F9A23 /* TweetFilterViewModel.swift */ = {isa = PBXFileReference; lastKnownFileType = sourcecode.swift; path = TweetFilterViewModel.swift; sourceTree = "<group>"; };
		B8837B94281B9F6F007F9A23 /* UserRowView.swift */ = {isa = PBXFileReference; lastKnownFileType = sourcecode.swift; path = UserRowView.swift; sourceTree = "<group>"; };
		B8837B99281E6BCA007F9A23 /* SidebarView.swift */ = {isa = PBXFileReference; lastKnownFileType = sourcecode.swift; path = SidebarView.swift; sourceTree = "<group>"; };
		B8837B9D281E6BE6007F9A23 /* SidebarViewModel.swift */ = {isa = PBXFileReference; lastKnownFileType = sourcecode.swift; path = SidebarViewModel.swift; sourceTree = "<group>"; };
		B8837B9F281E6DC5007F9A23 /* UserStatsView.swift */ = {isa = PBXFileReference; lastKnownFileType = sourcecode.swift; path = UserStatsView.swift; sourceTree = "<group>"; };
		B8837BA1281E745D007F9A23 /* ContentView.swift */ = {isa = PBXFileReference; lastKnownFileType = sourcecode.swift; path = ContentView.swift; sourceTree = "<group>"; };
		B8837BA3281E79FF007F9A23 /* SidebarOptionRowView.swift */ = {isa = PBXFileReference; lastKnownFileType = sourcecode.swift; path = SidebarOptionRowView.swift; sourceTree = "<group>"; };
		B8D5DAF2281A74E4000B1582 /* Twitter.app */ = {isa = PBXFileReference; explicitFileType = wrapper.application; includeInIndex = 0; path = Twitter.app; sourceTree = BUILT_PRODUCTS_DIR; };
		B8D5DAF5281A74E4000B1582 /* TwitterApp.swift */ = {isa = PBXFileReference; lastKnownFileType = sourcecode.swift; path = TwitterApp.swift; sourceTree = "<group>"; };
		B8D5DAF9281A74E7000B1582 /* Assets.xcassets */ = {isa = PBXFileReference; lastKnownFileType = folder.assetcatalog; path = Assets.xcassets; sourceTree = "<group>"; };
		B8D5DAFC281A74E7000B1582 /* Preview Assets.xcassets */ = {isa = PBXFileReference; lastKnownFileType = folder.assetcatalog; path = "Preview Assets.xcassets"; sourceTree = "<group>"; };
		B8D5DB0B281A8DAA000B1582 /* FeedView.swift */ = {isa = PBXFileReference; lastKnownFileType = sourcecode.swift; path = FeedView.swift; sourceTree = "<group>"; };
		B8D5DB0E281A8E4D000B1582 /* TweetRowView.swift */ = {isa = PBXFileReference; lastKnownFileType = sourcecode.swift; path = TweetRowView.swift; sourceTree = "<group>"; };
		B8D5DB11281A9B1F000B1582 /* MainTabView.swift */ = {isa = PBXFileReference; lastKnownFileType = sourcecode.swift; path = MainTabView.swift; sourceTree = "<group>"; };
		B8D5DB18281A9C43000B1582 /* ExploreView.swift */ = {isa = PBXFileReference; lastKnownFileType = sourcecode.swift; path = ExploreView.swift; sourceTree = "<group>"; };
		B8D5DB1A281A9C5C000B1582 /* NotificationsView.swift */ = {isa = PBXFileReference; lastKnownFileType = sourcecode.swift; path = NotificationsView.swift; sourceTree = "<group>"; };
		B8D5DB1C281A9C6D000B1582 /* MessagesView.swift */ = {isa = PBXFileReference; lastKnownFileType = sourcecode.swift; path = MessagesView.swift; sourceTree = "<group>"; };
/* End PBXFileReference section */

/* Begin PBXFrameworksBuildPhase section */
		B8D5DAEF281A74E4000B1582 /* Frameworks */ = {
			isa = PBXFrameworksBuildPhase;
			buildActionMask = 2147483647;
			files = (
				B8276F632824D2AB008B66C7 /* FirebaseAuth in Frameworks */,
				B8276F692824D2AB008B66C7 /* FirebaseStorage in Frameworks */,
				B8276F652824D2AB008B66C7 /* FirebaseFirestore in Frameworks */,
				B8276F672824D2AB008B66C7 /* FirebaseFirestoreSwift in Frameworks */,
			);
			runOnlyForDeploymentPostprocessing = 0;
		};
/* End PBXFrameworksBuildPhase section */

/* Begin PBXGroup section */
		B80D4AB1281F97130070BA52 /* CreateTweet */ = {
			isa = PBXGroup;
			children = (
				B80D4AB3281F972C0070BA52 /* Views */,
				B80D4AB2281F97200070BA52 /* ViewModels */,
			);
			path = CreateTweet;
			sourceTree = "<group>";
		};
		B80D4AB2281F97200070BA52 /* ViewModels */ = {
			isa = PBXGroup;
			children = (
			);
			path = ViewModels;
			sourceTree = "<group>";
		};
		B80D4AB3281F972C0070BA52 /* Views */ = {
			isa = PBXGroup;
			children = (
				B80D4AB4281F973D0070BA52 /* NewTweetView.swift */,
			);
			path = Views;
			sourceTree = "<group>";
		};
		B8259A6328223B26005B5353 /* Authentication */ = {
			isa = PBXGroup;
			children = (
				B8259A6528223B6C005B5353 /* Views */,
				B8259A6428223B67005B5353 /* ViewModel */,
			);
			path = Authentication;
			sourceTree = "<group>";
		};
		B8259A6428223B67005B5353 /* ViewModel */ = {
			isa = PBXGroup;
			children = (
			);
			path = ViewModel;
			sourceTree = "<group>";
		};
		B8259A6528223B6C005B5353 /* Views */ = {
			isa = PBXGroup;
			children = (
				B8259A6628223B73005B5353 /* LoginView.swift */,
				B8259A6828223B80005B5353 /* RegistrationView.swift */,
			);
			path = Views;
			sourceTree = "<group>";
		};
		B8259A6E2823BD9B005B5353 /* Authentication */ = {
			isa = PBXGroup;
			children = (
				B8259A6F2823BDAF005B5353 /* HeaderView.swift */,
			);
			path = Authentication;
			sourceTree = "<group>";
		};
		B8837B8B281B911B007F9A23 /* ViewModels */ = {
			isa = PBXGroup;
			children = (
				B8837B8F281B96C7007F9A23 /* TweetFilterViewModel.swift */,
			);
			path = ViewModels;
			sourceTree = "<group>";
		};
		B8837B8C281B912C007F9A23 /* Views */ = {
			isa = PBXGroup;
			children = (
				B8837B8D281B914D007F9A23 /* ProfileView.swift */,
			);
			path = Views;
			sourceTree = "<group>";
		};
		B8837B91281B9F2F007F9A23 /* Views */ = {
			isa = PBXGroup;
			children = (
				B8D5DB18281A9C43000B1582 /* ExploreView.swift */,
			);
			path = Views;
			sourceTree = "<group>";
		};
		B8837B92281B9F38007F9A23 /* ViewModels */ = {
			isa = PBXGroup;
			children = (
			);
			path = ViewModels;
			sourceTree = "<group>";
		};
		B8837B93281B9F5E007F9A23 /* Users */ = {
			isa = PBXGroup;
			children = (
				B8837B94281B9F6F007F9A23 /* UserRowView.swift */,
				B8837B9F281E6DC5007F9A23 /* UserStatsView.swift */,
			);
			path = Users;
			sourceTree = "<group>";
		};
		B8837B96281E6B84007F9A23 /* Sidebar */ = {
			isa = PBXGroup;
			children = (
				B8837B98281E6BA8007F9A23 /* Views */,
				B8837B97281E6B9E007F9A23 /* ViewModel */,
			);
			path = Sidebar;
			sourceTree = "<group>";
		};
		B8837B97281E6B9E007F9A23 /* ViewModel */ = {
			isa = PBXGroup;
			children = (
				B8837B9D281E6BE6007F9A23 /* SidebarViewModel.swift */,
			);
			path = ViewModel;
			sourceTree = "<group>";
		};
		B8837B98281E6BA8007F9A23 /* Views */ = {
			isa = PBXGroup;
			children = (
				B8837B99281E6BCA007F9A23 /* SidebarView.swift */,
				B8837BA3281E79FF007F9A23 /* SidebarOptionRowView.swift */,
			);
			path = Views;
			sourceTree = "<group>";
		};
		B8D5DAE9281A74E4000B1582 = {
			isa = PBXGroup;
			children = (
				B8D5DAF4281A74E4000B1582 /* Twitter */,
				B8D5DAF3281A74E4000B1582 /* Products */,
			);
			sourceTree = "<group>";
		};
		B8D5DAF3281A74E4000B1582 /* Products */ = {
			isa = PBXGroup;
			children = (
				B8D5DAF2281A74E4000B1582 /* Twitter.app */,
			);
			name = Products;
			sourceTree = "<group>";
		};
		B8D5DAF4281A74E4000B1582 /* Twitter */ = {
			isa = PBXGroup;
			children = (
				B8D5DB06281A8D1D000B1582 /* Extensions */,
				B8D5DB05281A8D1C000B1582 /* Model */,
				B8D5DB04281A8D1A000B1582 /* Service */,
				B8D5DB03281A8D10000B1582 /* Core */,
				B8D5DAF5281A74E4000B1582 /* TwitterApp.swift */,
				B8837BA1281E745D007F9A23 /* ContentView.swift */,
				B8D5DAF9281A74E7000B1582 /* Assets.xcassets */,
				B8276F5F2824D165008B66C7 /* GoogleService-Info.plist */,
				B8D5DAFB281A74E7000B1582 /* Preview Content */,
			);
			path = Twitter;
			sourceTree = "<group>";
		};
		B8D5DAFB281A74E7000B1582 /* Preview Content */ = {
			isa = PBXGroup;
			children = (
				B8D5DAFC281A74E7000B1582 /* Preview Assets.xcassets */,
			);
			path = "Preview Content";
			sourceTree = "<group>";
		};
		B8D5DB03281A8D10000B1582 /* Core */ = {
			isa = PBXGroup;
			children = (
				B8259A6328223B26005B5353 /* Authentication */,
				B80D4AB1281F97130070BA52 /* CreateTweet */,
				B8837B96281E6B84007F9A23 /* Sidebar */,
				B8D5DB16281A9C24000B1582 /* Profile */,
				B8D5DB15281A9C18000B1582 /* Messages */,
				B8D5DB14281A9C10000B1582 /* Notifications */,
				B8D5DB13281A9C08000B1582 /* Explore */,
				B8D5DB10281A9AFF000B1582 /* MainTab */,
				B8D5DB08281A8D35000B1582 /* Components */,
				B8D5DB07281A8D33000B1582 /* Feed */,
			);
			path = Core;
			sourceTree = "<group>";
		};
		B8D5DB04281A8D1A000B1582 /* Service */ = {
			isa = PBXGroup;
			children = (
			);
			path = Service;
			sourceTree = "<group>";
		};
		B8D5DB05281A8D1C000B1582 /* Model */ = {
			isa = PBXGroup;
			children = (
			);
			path = Model;
			sourceTree = "<group>";
		};
		B8D5DB06281A8D1D000B1582 /* Extensions */ = {
			isa = PBXGroup;
			children = (
			);
			path = Extensions;
			sourceTree = "<group>";
		};
		B8D5DB07281A8D33000B1582 /* Feed */ = {
			isa = PBXGroup;
			children = (
				B8D5DB0A281A8D7C000B1582 /* ViewModels */,
				B8D5DB09281A8D7B000B1582 /* View */,
			);
			path = Feed;
			sourceTree = "<group>";
		};
		B8D5DB08281A8D35000B1582 /* Components */ = {
			isa = PBXGroup;
			children = (
				B8259A6E2823BD9B005B5353 /* Authentication */,
				B8837B93281B9F5E007F9A23 /* Users */,
				B8D5DB0D281A8E1A000B1582 /* Tweets */,
				B80D4AB6281F97EB0070BA52 /* TextArea.swift */,
				B8259A6A28223BA8005B5353 /* RoundedShape.swift */,
				B8259A6C2823BB95005B5353 /* CustomInputField.swift */,
			);
			path = Components;
			sourceTree = "<group>";
		};
		B8D5DB09281A8D7B000B1582 /* View */ = {
			isa = PBXGroup;
			children = (
				B8D5DB0B281A8DAA000B1582 /* FeedView.swift */,
			);
			path = View;
			sourceTree = "<group>";
		};
		B8D5DB0A281A8D7C000B1582 /* ViewModels */ = {
			isa = PBXGroup;
			children = (
			);
			path = ViewModels;
			sourceTree = "<group>";
		};
		B8D5DB0D281A8E1A000B1582 /* Tweets */ = {
			isa = PBXGroup;
			children = (
				B8D5DB0E281A8E4D000B1582 /* TweetRowView.swift */,
			);
			path = Tweets;
			sourceTree = "<group>";
		};
		B8D5DB10281A9AFF000B1582 /* MainTab */ = {
			isa = PBXGroup;
			children = (
				B8D5DB11281A9B1F000B1582 /* MainTabView.swift */,
			);
			path = MainTab;
			sourceTree = "<group>";
		};
		B8D5DB13281A9C08000B1582 /* Explore */ = {
			isa = PBXGroup;
			children = (
				B8837B92281B9F38007F9A23 /* ViewModels */,
				B8837B91281B9F2F007F9A23 /* Views */,
			);
			path = Explore;
			sourceTree = "<group>";
		};
		B8D5DB14281A9C10000B1582 /* Notifications */ = {
			isa = PBXGroup;
			children = (
				B8D5DB1A281A9C5C000B1582 /* NotificationsView.swift */,
			);
			path = Notifications;
			sourceTree = "<group>";
		};
		B8D5DB15281A9C18000B1582 /* Messages */ = {
			isa = PBXGroup;
			children = (
				B8D5DB1C281A9C6D000B1582 /* MessagesView.swift */,
			);
			path = Messages;
			sourceTree = "<group>";
		};
		B8D5DB16281A9C24000B1582 /* Profile */ = {
			isa = PBXGroup;
			children = (
				B8837B8C281B912C007F9A23 /* Views */,
				B8837B8B281B911B007F9A23 /* ViewModels */,
			);
			path = Profile;
			sourceTree = "<group>";
		};
/* End PBXGroup section */

/* Begin PBXNativeTarget section */
		B8D5DAF1281A74E4000B1582 /* Twitter */ = {
			isa = PBXNativeTarget;
			buildConfigurationList = B8D5DB00281A74E7000B1582 /* Build configuration list for PBXNativeTarget "Twitter" */;
			buildPhases = (
				B8D5DAEE281A74E4000B1582 /* Sources */,
				B8D5DAEF281A74E4000B1582 /* Frameworks */,
				B8D5DAF0281A74E4000B1582 /* Resources */,
			);
			buildRules = (
			);
			dependencies = (
			);
			name = Twitter;
			packageProductDependencies = (
				B8276F622824D2AB008B66C7 /* FirebaseAuth */,
				B8276F642824D2AB008B66C7 /* FirebaseFirestore */,
				B8276F662824D2AB008B66C7 /* FirebaseFirestoreSwift */,
				B8276F682824D2AB008B66C7 /* FirebaseStorage */,
			);
			productName = Twitter;
			productReference = B8D5DAF2281A74E4000B1582 /* Twitter.app */;
			productType = "com.apple.product-type.application";
		};
/* End PBXNativeTarget section */

/* Begin PBXProject section */
		B8D5DAEA281A74E4000B1582 /* Project object */ = {
			isa = PBXProject;
			attributes = {
				BuildIndependentTargetsInParallel = 1;
				LastSwiftUpdateCheck = 1330;
				LastUpgradeCheck = 1330;
				TargetAttributes = {
					B8D5DAF1281A74E4000B1582 = {
						CreatedOnToolsVersion = 13.3.1;
					};
				};
			};
			buildConfigurationList = B8D5DAED281A74E4000B1582 /* Build configuration list for PBXProject "Twitter" */;
			compatibilityVersion = "Xcode 13.0";
			developmentRegion = en;
			hasScannedForEncodings = 0;
			knownRegions = (
				en,
				Base,
			);
			mainGroup = B8D5DAE9281A74E4000B1582;
			packageReferences = (
				B8276F612824D2AB008B66C7 /* XCRemoteSwiftPackageReference "firebase-ios-sdk" */,
			);
			productRefGroup = B8D5DAF3281A74E4000B1582 /* Products */;
			projectDirPath = "";
			projectRoot = "";
			targets = (
				B8D5DAF1281A74E4000B1582 /* Twitter */,
			);
		};
/* End PBXProject section */

/* Begin PBXResourcesBuildPhase section */
		B8D5DAF0281A74E4000B1582 /* Resources */ = {
			isa = PBXResourcesBuildPhase;
			buildActionMask = 2147483647;
			files = (
				B8D5DAFD281A74E7000B1582 /* Preview Assets.xcassets in Resources */,
				B8D5DAFA281A74E7000B1582 /* Assets.xcassets in Resources */,
				B8276F602824D165008B66C7 /* GoogleService-Info.plist in Resources */,
			);
			runOnlyForDeploymentPostprocessing = 0;
		};
/* End PBXResourcesBuildPhase section */

/* Begin PBXSourcesBuildPhase section */
		B8D5DAEE281A74E4000B1582 /* Sources */ = {
			isa = PBXSourcesBuildPhase;
			buildActionMask = 2147483647;
			files = (
				B8837B8E281B914D007F9A23 /* ProfileView.swift in Sources */,
				B8D5DB1D281A9C6D000B1582 /* MessagesView.swift in Sources */,
				B8837BA2281E745D007F9A23 /* ContentView.swift in Sources */,
				B8D5DB0F281A8E4D000B1582 /* TweetRowView.swift in Sources */,
				B8259A6D2823BB95005B5353 /* CustomInputField.swift in Sources */,
				B8D5DB0C281A8DAA000B1582 /* FeedView.swift in Sources */,
				B8837BA4281E79FF007F9A23 /* SidebarOptionRowView.swift in Sources */,
				B8259A702823BDAF005B5353 /* HeaderView.swift in Sources */,
				B8D5DAF6281A74E4000B1582 /* TwitterApp.swift in Sources */,
				B8D5DB19281A9C43000B1582 /* ExploreView.swift in Sources */,
				B8837BA0281E6DC5007F9A23 /* UserStatsView.swift in Sources */,
				B8837B95281B9F6F007F9A23 /* UserRowView.swift in Sources */,
				B80D4AB7281F97EB0070BA52 /* TextArea.swift in Sources */,
				B8837B9A281E6BCA007F9A23 /* SidebarView.swift in Sources */,
				B8259A6728223B73005B5353 /* LoginView.swift in Sources */,
				B8259A6928223B80005B5353 /* RegistrationView.swift in Sources */,
				B80D4AB5281F973D0070BA52 /* NewTweetView.swift in Sources */,
				B8259A6B28223BA8005B5353 /* RoundedShape.swift in Sources */,
				B8837B90281B96C7007F9A23 /* TweetFilterViewModel.swift in Sources */,
				B8D5DB12281A9B1F000B1582 /* MainTabView.swift in Sources */,
				B8D5DB1B281A9C5C000B1582 /* NotificationsView.swift in Sources */,
				B8837B9E281E6BE6007F9A23 /* SidebarViewModel.swift in Sources */,
			);
			runOnlyForDeploymentPostprocessing = 0;
		};
/* End PBXSourcesBuildPhase section */

/* Begin XCBuildConfiguration section */
		B8D5DAFE281A74E7000B1582 /* Debug */ = {
			isa = XCBuildConfiguration;
			buildSettings = {
				ALWAYS_SEARCH_USER_PATHS = NO;
				CLANG_ANALYZER_NONNULL = YES;
				CLANG_ANALYZER_NUMBER_OBJECT_CONVERSION = YES_AGGRESSIVE;
				CLANG_CXX_LANGUAGE_STANDARD = "gnu++17";
				CLANG_ENABLE_MODULES = YES;
				CLANG_ENABLE_OBJC_ARC = YES;
				CLANG_ENABLE_OBJC_WEAK = YES;
				CLANG_WARN_BLOCK_CAPTURE_AUTORELEASING = YES;
				CLANG_WARN_BOOL_CONVERSION = YES;
				CLANG_WARN_COMMA = YES;
				CLANG_WARN_CONSTANT_CONVERSION = YES;
				CLANG_WARN_DEPRECATED_OBJC_IMPLEMENTATIONS = YES;
				CLANG_WARN_DIRECT_OBJC_ISA_USAGE = YES_ERROR;
				CLANG_WARN_DOCUMENTATION_COMMENTS = YES;
				CLANG_WARN_EMPTY_BODY = YES;
				CLANG_WARN_ENUM_CONVERSION = YES;
				CLANG_WARN_INFINITE_RECURSION = YES;
				CLANG_WARN_INT_CONVERSION = YES;
				CLANG_WARN_NON_LITERAL_NULL_CONVERSION = YES;
				CLANG_WARN_OBJC_IMPLICIT_RETAIN_SELF = YES;
				CLANG_WARN_OBJC_LITERAL_CONVERSION = YES;
				CLANG_WARN_OBJC_ROOT_CLASS = YES_ERROR;
				CLANG_WARN_QUOTED_INCLUDE_IN_FRAMEWORK_HEADER = YES;
				CLANG_WARN_RANGE_LOOP_ANALYSIS = YES;
				CLANG_WARN_STRICT_PROTOTYPES = YES;
				CLANG_WARN_SUSPICIOUS_MOVE = YES;
				CLANG_WARN_UNGUARDED_AVAILABILITY = YES_AGGRESSIVE;
				CLANG_WARN_UNREACHABLE_CODE = YES;
				CLANG_WARN__DUPLICATE_METHOD_MATCH = YES;
				COPY_PHASE_STRIP = NO;
				DEBUG_INFORMATION_FORMAT = dwarf;
				ENABLE_STRICT_OBJC_MSGSEND = YES;
				ENABLE_TESTABILITY = YES;
				GCC_C_LANGUAGE_STANDARD = gnu11;
				GCC_DYNAMIC_NO_PIC = NO;
				GCC_NO_COMMON_BLOCKS = YES;
				GCC_OPTIMIZATION_LEVEL = 0;
				GCC_PREPROCESSOR_DEFINITIONS = (
					"DEBUG=1",
					"$(inherited)",
				);
				GCC_WARN_64_TO_32_BIT_CONVERSION = YES;
				GCC_WARN_ABOUT_RETURN_TYPE = YES_ERROR;
				GCC_WARN_UNDECLARED_SELECTOR = YES;
				GCC_WARN_UNINITIALIZED_AUTOS = YES_AGGRESSIVE;
				GCC_WARN_UNUSED_FUNCTION = YES;
				GCC_WARN_UNUSED_VARIABLE = YES;
				IPHONEOS_DEPLOYMENT_TARGET = 15.4;
				MTL_ENABLE_DEBUG_INFO = INCLUDE_SOURCE;
				MTL_FAST_MATH = YES;
				ONLY_ACTIVE_ARCH = YES;
				SDKROOT = iphoneos;
				SWIFT_ACTIVE_COMPILATION_CONDITIONS = DEBUG;
				SWIFT_OPTIMIZATION_LEVEL = "-Onone";
			};
			name = Debug;
		};
		B8D5DAFF281A74E7000B1582 /* Release */ = {
			isa = XCBuildConfiguration;
			buildSettings = {
				ALWAYS_SEARCH_USER_PATHS = NO;
				CLANG_ANALYZER_NONNULL = YES;
				CLANG_ANALYZER_NUMBER_OBJECT_CONVERSION = YES_AGGRESSIVE;
				CLANG_CXX_LANGUAGE_STANDARD = "gnu++17";
				CLANG_ENABLE_MODULES = YES;
				CLANG_ENABLE_OBJC_ARC = YES;
				CLANG_ENABLE_OBJC_WEAK = YES;
				CLANG_WARN_BLOCK_CAPTURE_AUTORELEASING = YES;
				CLANG_WARN_BOOL_CONVERSION = YES;
				CLANG_WARN_COMMA = YES;
				CLANG_WARN_CONSTANT_CONVERSION = YES;
				CLANG_WARN_DEPRECATED_OBJC_IMPLEMENTATIONS = YES;
				CLANG_WARN_DIRECT_OBJC_ISA_USAGE = YES_ERROR;
				CLANG_WARN_DOCUMENTATION_COMMENTS = YES;
				CLANG_WARN_EMPTY_BODY = YES;
				CLANG_WARN_ENUM_CONVERSION = YES;
				CLANG_WARN_INFINITE_RECURSION = YES;
				CLANG_WARN_INT_CONVERSION = YES;
				CLANG_WARN_NON_LITERAL_NULL_CONVERSION = YES;
				CLANG_WARN_OBJC_IMPLICIT_RETAIN_SELF = YES;
				CLANG_WARN_OBJC_LITERAL_CONVERSION = YES;
				CLANG_WARN_OBJC_ROOT_CLASS = YES_ERROR;
				CLANG_WARN_QUOTED_INCLUDE_IN_FRAMEWORK_HEADER = YES;
				CLANG_WARN_RANGE_LOOP_ANALYSIS = YES;
				CLANG_WARN_STRICT_PROTOTYPES = YES;
				CLANG_WARN_SUSPICIOUS_MOVE = YES;
				CLANG_WARN_UNGUARDED_AVAILABILITY = YES_AGGRESSIVE;
				CLANG_WARN_UNREACHABLE_CODE = YES;
				CLANG_WARN__DUPLICATE_METHOD_MATCH = YES;
				COPY_PHASE_STRIP = NO;
				DEBUG_INFORMATION_FORMAT = "dwarf-with-dsym";
				ENABLE_NS_ASSERTIONS = NO;
				ENABLE_STRICT_OBJC_MSGSEND = YES;
				GCC_C_LANGUAGE_STANDARD = gnu11;
				GCC_NO_COMMON_BLOCKS = YES;
				GCC_WARN_64_TO_32_BIT_CONVERSION = YES;
				GCC_WARN_ABOUT_RETURN_TYPE = YES_ERROR;
				GCC_WARN_UNDECLARED_SELECTOR = YES;
				GCC_WARN_UNINITIALIZED_AUTOS = YES_AGGRESSIVE;
				GCC_WARN_UNUSED_FUNCTION = YES;
				GCC_WARN_UNUSED_VARIABLE = YES;
				IPHONEOS_DEPLOYMENT_TARGET = 15.4;
				MTL_ENABLE_DEBUG_INFO = NO;
				MTL_FAST_MATH = YES;
				SDKROOT = iphoneos;
				SWIFT_COMPILATION_MODE = wholemodule;
				SWIFT_OPTIMIZATION_LEVEL = "-O";
				VALIDATE_PRODUCT = YES;
			};
			name = Release;
		};
		B8D5DB01281A74E7000B1582 /* Debug */ = {
			isa = XCBuildConfiguration;
			buildSettings = {
				ASSETCATALOG_COMPILER_APPICON_NAME = AppIcon;
				ASSETCATALOG_COMPILER_GLOBAL_ACCENT_COLOR_NAME = AccentColor;
				ASSETCATALOG_COMPILER_INCLUDE_ALL_APPICON_ASSETS = NO;
				CODE_SIGN_STYLE = Automatic;
				CURRENT_PROJECT_VERSION = 1;
				DEVELOPMENT_ASSET_PATHS = "\"Twitter/Preview Content\"";
				DEVELOPMENT_TEAM = CTSVPBWT52;
				ENABLE_PREVIEWS = YES;
				GENERATE_INFOPLIST_FILE = YES;
				INFOPLIST_KEY_UIApplicationSceneManifest_Generation = YES;
				INFOPLIST_KEY_UIApplicationSupportsIndirectInputEvents = YES;
				INFOPLIST_KEY_UILaunchScreen_Generation = YES;
				INFOPLIST_KEY_UIStatusBarHidden = NO;
				INFOPLIST_KEY_UISupportedInterfaceOrientations = "";
				INFOPLIST_KEY_UISupportedInterfaceOrientations_iPad = "UIInterfaceOrientationPortrait UIInterfaceOrientationPortraitUpsideDown UIInterfaceOrientationLandscapeLeft UIInterfaceOrientationLandscapeRight";
				INFOPLIST_KEY_UISupportedInterfaceOrientations_iPhone = "UIInterfaceOrientationPortrait UIInterfaceOrientationLandscapeLeft UIInterfaceOrientationLandscapeRight";
				LD_RUNPATH_SEARCH_PATHS = (
					"$(inherited)",
					"@executable_path/Frameworks",
				);
				MARKETING_VERSION = 1.0;
				PRODUCT_BUNDLE_IDENTIFIER = com.gauravgupta.Twitter;
				PRODUCT_NAME = "$(TARGET_NAME)";
				SWIFT_EMIT_LOC_STRINGS = YES;
				SWIFT_VERSION = 5.0;
				TARGETED_DEVICE_FAMILY = 1;
			};
			name = Debug;
		};
		B8D5DB02281A74E7000B1582 /* Release */ = {
			isa = XCBuildConfiguration;
			buildSettings = {
				ASSETCATALOG_COMPILER_APPICON_NAME = AppIcon;
				ASSETCATALOG_COMPILER_GLOBAL_ACCENT_COLOR_NAME = AccentColor;
				ASSETCATALOG_COMPILER_INCLUDE_ALL_APPICON_ASSETS = NO;
				CODE_SIGN_STYLE = Automatic;
				CURRENT_PROJECT_VERSION = 1;
				DEVELOPMENT_ASSET_PATHS = "\"Twitter/Preview Content\"";
				DEVELOPMENT_TEAM = CTSVPBWT52;
				ENABLE_PREVIEWS = YES;
				GENERATE_INFOPLIST_FILE = YES;
				INFOPLIST_KEY_UIApplicationSceneManifest_Generation = YES;
				INFOPLIST_KEY_UIApplicationSupportsIndirectInputEvents = YES;
				INFOPLIST_KEY_UILaunchScreen_Generation = YES;
				INFOPLIST_KEY_UIStatusBarHidden = NO;
				INFOPLIST_KEY_UISupportedInterfaceOrientations = "";
				INFOPLIST_KEY_UISupportedInterfaceOrientations_iPad = "UIInterfaceOrientationPortrait UIInterfaceOrientationPortraitUpsideDown UIInterfaceOrientationLandscapeLeft UIInterfaceOrientationLandscapeRight";
				INFOPLIST_KEY_UISupportedInterfaceOrientations_iPhone = "UIInterfaceOrientationPortrait UIInterfaceOrientationLandscapeLeft UIInterfaceOrientationLandscapeRight";
				LD_RUNPATH_SEARCH_PATHS = (
					"$(inherited)",
					"@executable_path/Frameworks",
				);
				MARKETING_VERSION = 1.0;
				PRODUCT_BUNDLE_IDENTIFIER = com.gauravgupta.Twitter;
				PRODUCT_NAME = "$(TARGET_NAME)";
				SWIFT_EMIT_LOC_STRINGS = YES;
				SWIFT_VERSION = 5.0;
				TARGETED_DEVICE_FAMILY = 1;
			};
			name = Release;
		};
/* End XCBuildConfiguration section */

/* Begin XCConfigurationList section */
		B8D5DAED281A74E4000B1582 /* Build configuration list for PBXProject "Twitter" */ = {
			isa = XCConfigurationList;
			buildConfigurations = (
				B8D5DAFE281A74E7000B1582 /* Debug */,
				B8D5DAFF281A74E7000B1582 /* Release */,
			);
			defaultConfigurationIsVisible = 0;
			defaultConfigurationName = Release;
		};
		B8D5DB00281A74E7000B1582 /* Build configuration list for PBXNativeTarget "Twitter" */ = {
			isa = XCConfigurationList;
			buildConfigurations = (
				B8D5DB01281A74E7000B1582 /* Debug */,
				B8D5DB02281A74E7000B1582 /* Release */,
			);
			defaultConfigurationIsVisible = 0;
			defaultConfigurationName = Release;
		};
/* End XCConfigurationList section */

/* Begin XCRemoteSwiftPackageReference section */
		B8276F612824D2AB008B66C7 /* XCRemoteSwiftPackageReference "firebase-ios-sdk" */ = {
			isa = XCRemoteSwiftPackageReference;
			repositoryURL = "https://github.com/firebase/firebase-ios-sdk";
			requirement = {
				kind = upToNextMajorVersion;
				minimumVersion = 9.0.0;
			};
		};
/* End XCRemoteSwiftPackageReference section */

/* Begin XCSwiftPackageProductDependency section */
		B8276F622824D2AB008B66C7 /* FirebaseAuth */ = {
			isa = XCSwiftPackageProductDependency;
			package = B8276F612824D2AB008B66C7 /* XCRemoteSwiftPackageReference "firebase-ios-sdk" */;
			productName = FirebaseAuth;
		};
		B8276F642824D2AB008B66C7 /* FirebaseFirestore */ = {
			isa = XCSwiftPackageProductDependency;
			package = B8276F612824D2AB008B66C7 /* XCRemoteSwiftPackageReference "firebase-ios-sdk" */;
			productName = FirebaseFirestore;
		};
		B8276F662824D2AB008B66C7 /* FirebaseFirestoreSwift */ = {
			isa = XCSwiftPackageProductDependency;
			package = B8276F612824D2AB008B66C7 /* XCRemoteSwiftPackageReference "firebase-ios-sdk" */;
			productName = FirebaseFirestoreSwift;
		};
		B8276F682824D2AB008B66C7 /* FirebaseStorage */ = {
			isa = XCSwiftPackageProductDependency;
			package = B8276F612824D2AB008B66C7 /* XCRemoteSwiftPackageReference "firebase-ios-sdk" */;
			productName = FirebaseStorage;
		};
/* End XCSwiftPackageProductDependency section */
	};
	rootObject = B8D5DAEA281A74E4000B1582 /* Project object */;
}
